
Microsoft Visual Studio Solution File, Format Version 12.00
Project("{2150E333-8FDC-42A3-9474-1A3956D46DE8}") = "Services", "Services", "{FA2C8E7F-2699-4EF8-B2C9-0373046269B5}"
EndProject
Project("{2150E333-8FDC-42A3-9474-1A3956D46DE8}") = "Catalog", "Catalog", "{443003AC-BEA5-4984-96F1-01C015F1088B}"
EndProject
Project("{FAE04EC0-301F-11D3-BF4B-00C04F79EFBC}") = "Catalog.API", "Services\Catalog\Catalog.API\Catalog.API.csproj", "{E671CDBC-8143-42B5-B194-FDC916B635A2}"
EndProject
Project("{2150E333-8FDC-42A3-9474-1A3956D46DE8}") = "Basket", "Basket", "{D6BC4E62-613F-4734-92A4-DC2FEE402B6C}"
EndProject
Project("{FAE04EC0-301F-11D3-BF4B-00C04F79EFBC}") = "Basket.API", "Services\Basket\Basket.API\Basket.API.csproj", "{24A66CCC-D556-4587-9444-1AF5B5EFFC05}"
EndProject
Project("{2150E333-8FDC-42A3-9474-1A3956D46DE8}") = "Discount", "Discount", "{F45DFBDA-58B6-4BCA-99EF-1CC8F16739F7}"
EndProject
Project("{FAE04EC0-301F-11D3-BF4B-00C04F79EFBC}") = "Discount.API", "Services\Discount\Discount.API\Discount.API.csproj", "{B1F5D164-0327-4E77-8000-55299B117B52}"
EndProject
Project("{FAE04EC0-301F-11D3-BF4B-00C04F79EFBC}") = "Discount.Grpc", "Services\Discount\Discount.Grpc\Discount.Grpc.csproj", "{AF183A33-65B4-47C2-B136-13A50FA808E7}"
EndProject
Project("{2150E333-8FDC-42A3-9474-1A3956D46DE8}") = "Ordering", "Ordering", "{B6E45CEC-5CD5-4B14-87F3-D60D2935D783}"
EndProject
Project("{FAE04EC0-301F-11D3-BF4B-00C04F79EFBC}") = "Ordering.API", "Services\Ordering\Ordering.API\Ordering.API.csproj", "{B48378A0-F835-4051-BC7D-6AED2BB6D767}"
EndProject
Project("{FAE04EC0-301F-11D3-BF4B-00C04F79EFBC}") = "Ordering.Domain", "Services\Ordering\Ordering.Domain\Ordering.Domain.csproj", "{4BB9D926-52D2-41A6-884D-53A2E0A2B363}"
EndProject
Project("{FAE04EC0-301F-11D3-BF4B-00C04F79EFBC}") = "Ordering.Application", "Services\Ordering\Ordering.Application\Ordering.Application.csproj", "{217F18FB-9B2C-4C83-AA02-EE38A892AE5A}"
EndProject
Project("{FAE04EC0-301F-11D3-BF4B-00C04F79EFBC}") = "Ordering.Infrastructure", "Services\Ordering\Ordering.Infrastructure\Ordering.Infrastructure.csproj", "{C3D5A643-C8C0-4DA6-A879-D0561C4F0AD3}"
EndProject
Global
	GlobalSection(SolutionConfigurationPlatforms) = preSolution
		Debug|Any CPU = Debug|Any CPU
		Release|Any CPU = Release|Any CPU
	EndGlobalSection
	GlobalSection(NestedProjects) = preSolution
		{443003AC-BEA5-4984-96F1-01C015F1088B} = {FA2C8E7F-2699-4EF8-B2C9-0373046269B5}
		{E671CDBC-8143-42B5-B194-FDC916B635A2} = {443003AC-BEA5-4984-96F1-01C015F1088B}
		{D6BC4E62-613F-4734-92A4-DC2FEE402B6C} = {FA2C8E7F-2699-4EF8-B2C9-0373046269B5}
		{24A66CCC-D556-4587-9444-1AF5B5EFFC05} = {D6BC4E62-613F-4734-92A4-DC2FEE402B6C}
		{F45DFBDA-58B6-4BCA-99EF-1CC8F16739F7} = {FA2C8E7F-2699-4EF8-B2C9-0373046269B5}
		{B1F5D164-0327-4E77-8000-55299B117B52} = {F45DFBDA-58B6-4BCA-99EF-1CC8F16739F7}
		{AF183A33-65B4-47C2-B136-13A50FA808E7} = {F45DFBDA-58B6-4BCA-99EF-1CC8F16739F7}
		{B6E45CEC-5CD5-4B14-87F3-D60D2935D783} = {FA2C8E7F-2699-4EF8-B2C9-0373046269B5}
		{B48378A0-F835-4051-BC7D-6AED2BB6D767} = {B6E45CEC-5CD5-4B14-87F3-D60D2935D783}
		{4BB9D926-52D2-41A6-884D-53A2E0A2B363} = {B6E45CEC-5CD5-4B14-87F3-D60D2935D783}
		{217F18FB-9B2C-4C83-AA02-EE38A892AE5A} = {B6E45CEC-5CD5-4B14-87F3-D60D2935D783}
		{C3D5A643-C8C0-4DA6-A879-D0561C4F0AD3} = {B6E45CEC-5CD5-4B14-87F3-D60D2935D783}
	EndGlobalSection
	GlobalSection(ProjectConfigurationPlatforms) = postSolution
		{E671CDBC-8143-42B5-B194-FDC916B635A2}.Debug|Any CPU.ActiveCfg = Debug|Any CPU
		{E671CDBC-8143-42B5-B194-FDC916B635A2}.Debug|Any CPU.Build.0 = Debug|Any CPU
		{E671CDBC-8143-42B5-B194-FDC916B635A2}.Release|Any CPU.ActiveCfg = Release|Any CPU
		{E671CDBC-8143-42B5-B194-FDC916B635A2}.Release|Any CPU.Build.0 = Release|Any CPU
		{24A66CCC-D556-4587-9444-1AF5B5EFFC05}.Debug|Any CPU.ActiveCfg = Debug|Any CPU
		{24A66CCC-D556-4587-9444-1AF5B5EFFC05}.Debug|Any CPU.Build.0 = Debug|Any CPU
		{24A66CCC-D556-4587-9444-1AF5B5EFFC05}.Release|Any CPU.ActiveCfg = Release|Any CPU
		{24A66CCC-D556-4587-9444-1AF5B5EFFC05}.Release|Any CPU.Build.0 = Release|Any CPU
		{B1F5D164-0327-4E77-8000-55299B117B52}.Debug|Any CPU.ActiveCfg = Debug|Any CPU
		{B1F5D164-0327-4E77-8000-55299B117B52}.Debug|Any CPU.Build.0 = Debug|Any CPU
		{B1F5D164-0327-4E77-8000-55299B117B52}.Release|Any CPU.ActiveCfg = Release|Any CPU
		{B1F5D164-0327-4E77-8000-55299B117B52}.Release|Any CPU.Build.0 = Release|Any CPU
		{AF183A33-65B4-47C2-B136-13A50FA808E7}.Debug|Any CPU.ActiveCfg = Debug|Any CPU
		{AF183A33-65B4-47C2-B136-13A50FA808E7}.Debug|Any CPU.Build.0 = Debug|Any CPU
		{AF183A33-65B4-47C2-B136-13A50FA808E7}.Release|Any CPU.ActiveCfg = Release|Any CPU
		{AF183A33-65B4-47C2-B136-13A50FA808E7}.Release|Any CPU.Build.0 = Release|Any CPU
		{B48378A0-F835-4051-BC7D-6AED2BB6D767}.Debug|Any CPU.ActiveCfg = Debug|Any CPU
		{B48378A0-F835-4051-BC7D-6AED2BB6D767}.Debug|Any CPU.Build.0 = Debug|Any CPU
		{B48378A0-F835-4051-BC7D-6AED2BB6D767}.Release|Any CPU.ActiveCfg = Release|Any CPU
		{B48378A0-F835-4051-BC7D-6AED2BB6D767}.Release|Any CPU.Build.0 = Release|Any CPU
		{4BB9D926-52D2-41A6-884D-53A2E0A2B363}.Debug|Any CPU.ActiveCfg = Debug|Any CPU
		{4BB9D926-52D2-41A6-884D-53A2E0A2B363}.Debug|Any CPU.Build.0 = Debug|Any CPU
		{4BB9D926-52D2-41A6-884D-53A2E0A2B363}.Release|Any CPU.ActiveCfg = Release|Any CPU
		{4BB9D926-52D2-41A6-884D-53A2E0A2B363}.Release|Any CPU.Build.0 = Release|Any CPU
		{217F18FB-9B2C-4C83-AA02-EE38A892AE5A}.Debug|Any CPU.ActiveCfg = Debug|Any CPU
		{217F18FB-9B2C-4C83-AA02-EE38A892AE5A}.Debug|Any CPU.Build.0 = Debug|Any CPU
		{217F18FB-9B2C-4C83-AA02-EE38A892AE5A}.Release|Any CPU.ActiveCfg = Release|Any CPU
		{217F18FB-9B2C-4C83-AA02-EE38A892AE5A}.Release|Any CPU.Build.0 = Release|Any CPU
		{C3D5A643-C8C0-4DA6-A879-D0561C4F0AD3}.Debug|Any CPU.ActiveCfg = Debug|Any CPU
		{C3D5A643-C8C0-4DA6-A879-D0561C4F0AD3}.Debug|Any CPU.Build.0 = Debug|Any CPU
		{C3D5A643-C8C0-4DA6-A879-D0561C4F0AD3}.Release|Any CPU.ActiveCfg = Release|Any CPU
		{C3D5A643-C8C0-4DA6-A879-D0561C4F0AD3}.Release|Any CPU.Build.0 = Release|Any CPU
	EndGlobalSection
EndGlobal
